// !$*UTF8*$!
{
	archiveVersion = 1;
	classes = {
	};
	objectVersion = 50;
	objects = {

/* Begin PBXBuildFile section */
		DC18656626F281A400BE69CE /* SystemsAndImpactApp.swift in Sources */ = {isa = PBXBuildFile; fileRef = DC18656526F281A400BE69CE /* SystemsAndImpactApp.swift */; };
		DC18656826F281A400BE69CE /* ImpactAndSystemsView.swift in Sources */ = {isa = PBXBuildFile; fileRef = DC18656726F281A400BE69CE /* ImpactAndSystemsView.swift */; };
		DC18656A26F281A500BE69CE /* Assets.xcassets in Resources */ = {isa = PBXBuildFile; fileRef = DC18656926F281A500BE69CE /* Assets.xcassets */; };
		DC18656D26F281A500BE69CE /* Preview Assets.xcassets in Resources */ = {isa = PBXBuildFile; fileRef = DC18656C26F281A500BE69CE /* Preview Assets.xcassets */; };
		DC1F1A2F26FA4FD20094F266 /* ComputingImpact.swift in Sources */ = {isa = PBXBuildFile; fileRef = DC1F1A2E26FA4FD20094F266 /* ComputingImpact.swift */; };
		DC49BFCD26F5232600C72A39 /* Computing Definitions.pdf in Resources */ = {isa = PBXBuildFile; fileRef = DC49BFCC26F5232600C72A39 /* Computing Definitions.pdf */; };
/* End PBXBuildFile section */

/* Begin PBXFileReference section */
		DC18656226F281A400BE69CE /* SystemsAndImpact.app */ = {isa = PBXFileReference; explicitFileType = wrapper.application; includeInIndex = 0; path = SystemsAndImpact.app; sourceTree = BUILT_PRODUCTS_DIR; };
		DC18656526F281A400BE69CE /* SystemsAndImpactApp.swift */ = {isa = PBXFileReference; lastKnownFileType = sourcecode.swift; path = SystemsAndImpactApp.swift; sourceTree = "<group>"; };
		DC18656726F281A400BE69CE /* ImpactAndSystemsView.swift */ = {isa = PBXFileReference; lastKnownFileType = sourcecode.swift; path = ImpactAndSystemsView.swift; sourceTree = "<group>"; };
		DC18656926F281A500BE69CE /* Assets.xcassets */ = {isa = PBXFileReference; lastKnownFileType = folder.assetcatalog; path = Assets.xcassets; sourceTree = "<group>"; };
		DC18656C26F281A500BE69CE /* Preview Assets.xcassets */ = {isa = PBXFileReference; lastKnownFileType = folder.assetcatalog; path = "Preview Assets.xcassets"; sourceTree = "<group>"; };
		DC18656E26F281A500BE69CE /* Info.plist */ = {isa = PBXFileReference; lastKnownFileType = text.plist.xml; path = Info.plist; sourceTree = "<group>"; };
		DC1F1A2E26FA4FD20094F266 /* ComputingImpact.swift */ = {isa = PBXFileReference; lastKnownFileType = sourcecode.swift; path = ComputingImpact.swift; sourceTree = "<group>"; };
		DC49BFCC26F5232600C72A39 /* Computing Definitions.pdf */ = {isa = PBXFileReference; lastKnownFileType = image.pdf; path = "Computing Definitions.pdf"; sourceTree = "<group>"; };
/* End PBXFileReference section */

/* Begin PBXFrameworksBuildPhase section */
		DC18655F26F281A400BE69CE /* Frameworks */ = {
			isa = PBXFrameworksBuildPhase;
			buildActionMask = 2147483647;
			files = (
			);
			runOnlyForDeploymentPostprocessing = 0;
		};
/* End PBXFrameworksBuildPhase section */

/* Begin PBXGroup section */
		DC18655926F281A400BE69CE = {
			isa = PBXGroup;
			children = (
				DC18656426F281A400BE69CE /* SystemsAndImpact */,
				DC18656326F281A400BE69CE /* Products */,
			);
			sourceTree = "<group>";
		};
		DC18656326F281A400BE69CE /* Products */ = {
			isa = PBXGroup;
			children = (
				DC18656226F281A400BE69CE /* SystemsAndImpact.app */,
			);
			name = Products;
			sourceTree = "<group>";
		};
		DC18656426F281A400BE69CE /* SystemsAndImpact */ = {
			isa = PBXGroup;
			children = (
				DC1F1A2D26FA4F3A0094F266 /* Model */,
				DC18657526F281F100BE69CE /* Resources */,
				DC18656726F281A400BE69CE /* ImpactAndSystemsView.swift */,
				DC18656B26F281A500BE69CE /* Preview Content */,
			);
			path = SystemsAndImpact;
			sourceTree = "<group>";
		};
		DC18656B26F281A500BE69CE /* Preview Content */ = {
			isa = PBXGroup;
			children = (
				DC18656C26F281A500BE69CE /* Preview Assets.xcassets */,
			);
			path = "Preview Content";
			sourceTree = "<group>";
		};
		DC18657526F281F100BE69CE /* Resources */ = {
			isa = PBXGroup;
			children = (
				DC49BFCC26F5232600C72A39 /* Computing Definitions.pdf */,
				DC18656526F281A400BE69CE /* SystemsAndImpactApp.swift */,
				DC18656926F281A500BE69CE /* Assets.xcassets */,
				DC18656E26F281A500BE69CE /* Info.plist */,
			);
			path = Resources;
			sourceTree = "<group>";
		};
		DC1F1A2D26FA4F3A0094F266 /* Model */ = {
			isa = PBXGroup;
			children = (
				DC1F1A2E26FA4FD20094F266 /* ComputingImpact.swift */,
			);
			path = Model;
			sourceTree = "<group>";
		};
/* End PBXGroup section */

/* Begin PBXNativeTarget section */
		DC18656126F281A400BE69CE /* SystemsAndImpact */ = {
			isa = PBXNativeTarget;
			buildConfigurationList = DC18657126F281A500BE69CE /* Build configuration list for PBXNativeTarget "SystemsAndImpact" */;
			buildPhases = (
				DC18655E26F281A400BE69CE /* Sources */,
				DC18655F26F281A400BE69CE /* Frameworks */,
				DC18656026F281A400BE69CE /* Resources */,
			);
			buildRules = (
			);
			dependencies = (
			);
			name = SystemsAndImpact;
			productName = SystemsAndImpact;
			productReference = DC18656226F281A400BE69CE /* SystemsAndImpact.app */;
			productType = "com.apple.product-type.application";
		};
/* End PBXNativeTarget section */

/* Begin PBXProject section */
		DC18655A26F281A400BE69CE /* Project object */ = {
			isa = PBXProject;
			attributes = {
				LastSwiftUpdateCheck = 1220;
				LastUpgradeCheck = 1220;
				TargetAttributes = {
					DC18656126F281A400BE69CE = {
						CreatedOnToolsVersion = 12.2;
					};
				};
			};
			buildConfigurationList = DC18655D26F281A400BE69CE /* Build configuration list for PBXProject "SystemsAndImpact" */;
			compatibilityVersion = "Xcode 9.3";
			developmentRegion = en;
			hasScannedForEncodings = 0;
			knownRegions = (
				en,
				Base,
			);
			mainGroup = DC18655926F281A400BE69CE;
			productRefGroup = DC18656326F281A400BE69CE /* Products */;
			projectDirPath = "";
			projectRoot = "";
			targets = (
				DC18656126F281A400BE69CE /* SystemsAndImpact */,
			);
		};
/* End PBXProject section */

/* Begin PBXResourcesBuildPhase section */
		DC18656026F281A400BE69CE /* Resources */ = {
			isa = PBXResourcesBuildPhase;
			buildActionMask = 2147483647;
			files = (
				DC49BFCD26F5232600C72A39 /* Computing Definitions.pdf in Resources */,
				DC18656D26F281A500BE69CE /* Preview Assets.xcassets in Resources */,
				DC18656A26F281A500BE69CE /* Assets.xcassets in Resources */,
			);
			runOnlyForDeploymentPostprocessing = 0;
		};
/* End PBXResourcesBuildPhase section */

/* Begin PBXSourcesBuildPhase section */
		DC18655E26F281A400BE69CE /* Sources */ = {
			isa = PBXSourcesBuildPhase;
			buildActionMask = 2147483647;
			files = (
				DC1F1A2F26FA4FD20094F266 /* ComputingImpact.swift in Sources */,
				DC18656826F281A400BE69CE /* ImpactAndSystemsView.swift in Sources */,
				DC18656626F281A400BE69CE /* SystemsAndImpactApp.swift in Sources */,
			);
			runOnlyForDeploymentPostprocessing = 0;
		};
/* End PBXSourcesBuildPhase section */

/* Begin XCBuildConfiguration section */
		DC18656F26F281A500BE69CE /* Debug */ = {
			isa = XCBuildConfiguration;
			buildSettings = {
				ALWAYS_SEARCH_USER_PATHS = NO;
				CLANG_ANALYZER_NONNULL = YES;
				CLANG_ANALYZER_NUMBER_OBJECT_CONVERSION = YES_AGGRESSIVE;
				CLANG_CXX_LANGUAGE_STANDARD = "gnu++14";
				CLANG_CXX_LIBRARY = "libc++";
				CLANG_ENABLE_MODULES = YES;
				CLANG_ENABLE_OBJC_ARC = YES;
				CLANG_ENABLE_OBJC_WEAK = YES;
				CLANG_WARN_BLOCK_CAPTURE_AUTORELEASING = YES;
				CLANG_WARN_BOOL_CONVERSION = YES;
				CLANG_WARN_COMMA = YES;
				CLANG_WARN_CONSTANT_CONVERSION = YES;
				CLANG_WARN_DEPRECATED_OBJC_IMPLEMENTATIONS = YES;
				CLANG_WARN_DIRECT_OBJC_ISA_USAGE = YES_ERROR;
				CLANG_WARN_DOCUMENTATION_COMMENTS = YES;
				CLANG_WARN_EMPTY_BODY = YES;
				CLANG_WARN_ENUM_CONVERSION = YES;
				CLANG_WARN_INFINITE_RECURSION = YES;
				CLANG_WARN_INT_CONVERSION = YES;
				CLANG_WARN_NON_LITERAL_NULL_CONVERSION = YES;
				CLANG_WARN_OBJC_IMPLICIT_RETAIN_SELF = YES;
				CLANG_WARN_OBJC_LITERAL_CONVERSION = YES;
				CLANG_WARN_OBJC_ROOT_CLASS = YES_ERROR;
				CLANG_WARN_QUOTED_INCLUDE_IN_FRAMEWORK_HEADER = YES;
				CLANG_WARN_RANGE_LOOP_ANALYSIS = YES;
				CLANG_WARN_STRICT_PROTOTYPES = YES;
				CLANG_WARN_SUSPICIOUS_MOVE = YES;
				CLANG_WARN_UNGUARDED_AVAILABILITY = YES_AGGRESSIVE;
				CLANG_WARN_UNREACHABLE_CODE = YES;
				CLANG_WARN__DUPLICATE_METHOD_MATCH = YES;
				COPY_PHASE_STRIP = NO;
				DEBUG_INFORMATION_FORMAT = dwarf;
				ENABLE_STRICT_OBJC_MSGSEND = YES;
				ENABLE_TESTABILITY = YES;
				GCC_C_LANGUAGE_STANDARD = gnu11;
				GCC_DYNAMIC_NO_PIC = NO;
				GCC_NO_COMMON_BLOCKS = YES;
				GCC_OPTIMIZATION_LEVEL = 0;
				GCC_PREPROCESSOR_DEFINITIONS = (
					"DEBUG=1",
					"$(inherited)",
				);
				GCC_WARN_64_TO_32_BIT_CONVERSION = YES;
				GCC_WARN_ABOUT_RETURN_TYPE = YES_ERROR;
				GCC_WARN_UNDECLARED_SELECTOR = YES;
				GCC_WARN_UNINITIALIZED_AUTOS = YES_AGGRESSIVE;
				GCC_WARN_UNUSED_FUNCTION = YES;
				GCC_WARN_UNUSED_VARIABLE = YES;
				IPHONEOS_DEPLOYMENT_TARGET = 14.2;
				MTL_ENABLE_DEBUG_INFO = INCLUDE_SOURCE;
				MTL_FAST_MATH = YES;
				ONLY_ACTIVE_ARCH = YES;
				SDKROOT = iphoneos;
				SWIFT_ACTIVE_COMPILATION_CONDITIONS = DEBUG;
				SWIFT_OPTIMIZATION_LEVEL = "-Onone";
			};
			name = Debug;
		};
		DC18657026F281A500BE69CE /* Release */ = {
			isa = XCBuildConfiguration;
			buildSettings = {
				ALWAYS_SEARCH_USER_PATHS = NO;
				CLANG_ANALYZER_NONNULL = YES;
				CLANG_ANALYZER_NUMBER_OBJECT_CONVERSION = YES_AGGRESSIVE;
				CLANG_CXX_LANGUAGE_STANDARD = "gnu++14";
				CLANG_CXX_LIBRARY = "libc++";
				CLANG_ENABLE_MODULES = YES;
				CLANG_ENABLE_OBJC_ARC = YES;
				CLANG_ENABLE_OBJC_WEAK = YES;
				CLANG_WARN_BLOCK_CAPTURE_AUTORELEASING = YES;
				CLANG_WARN_BOOL_CONVERSION = YES;
				CLANG_WARN_COMMA = YES;
				CLANG_WARN_CONSTANT_CONVERSION = YES;
				CLANG_WARN_DEPRECATED_OBJC_IMPLEMENTATIONS = YES;
				CLANG_WARN_DIRECT_OBJC_ISA_USAGE = YES_ERROR;
				CLANG_WARN_DOCUMENTATION_COMMENTS = YES;
				CLANG_WARN_EMPTY_BODY = YES;
				CLANG_WARN_ENUM_CONVERSION = YES;
				CLANG_WARN_INFINITE_RECURSION = YES;
				CLANG_WARN_INT_CONVERSION = YES;
				CLANG_WARN_NON_LITERAL_NULL_CONVERSION = YES;
				CLANG_WARN_OBJC_IMPLICIT_RETAIN_SELF = YES;
				CLANG_WARN_OBJC_LITERAL_CONVERSION = YES;
				CLANG_WARN_OBJC_ROOT_CLASS = YES_ERROR;
				CLANG_WARN_QUOTED_INCLUDE_IN_FRAMEWORK_HEADER = YES;
				CLANG_WARN_RANGE_LOOP_ANALYSIS = YES;
				CLANG_WARN_STRICT_PROTOTYPES = YES;
				CLANG_WARN_SUSPICIOUS_MOVE = YES;
				CLANG_WARN_UNGUARDED_AVAILABILITY = YES_AGGRESSIVE;
				CLANG_WARN_UNREACHABLE_CODE = YES;
				CLANG_WARN__DUPLICATE_METHOD_MATCH = YES;
				COPY_PHASE_STRIP = NO;
				DEBUG_INFORMATION_FORMAT = "dwarf-with-dsym";
				ENABLE_NS_ASSERTIONS = NO;
				ENABLE_STRICT_OBJC_MSGSEND = YES;
				GCC_C_LANGUAGE_STANDARD = gnu11;
				GCC_NO_COMMON_BLOCKS = YES;
				GCC_WARN_64_TO_32_BIT_CONVERSION = YES;
				GCC_WARN_ABOUT_RETURN_TYPE = YES_ERROR;
				GCC_WARN_UNDECLARED_SELECTOR = YES;
				GCC_WARN_UNINITIALIZED_AUTOS = YES_AGGRESSIVE;
				GCC_WARN_UNUSED_FUNCTION = YES;
				GCC_WARN_UNUSED_VARIABLE = YES;
				IPHONEOS_DEPLOYMENT_TARGET = 14.2;
				MTL_ENABLE_DEBUG_INFO = NO;
				MTL_FAST_MATH = YES;
				SDKROOT = iphoneos;
				SWIFT_COMPILATION_MODE = wholemodule;
				SWIFT_OPTIMIZATION_LEVEL = "-O";
				VALIDATE_PRODUCT = YES;
			};
			name = Release;
		};
		DC18657226F281A500BE69CE /* Debug */ = {
			isa = XCBuildConfiguration;
			buildSettings = {
				ASSETCATALOG_COMPILER_APPICON_NAME = AppIcon;
				ASSETCATALOG_COMPILER_GLOBAL_ACCENT_COLOR_NAME = AccentColor;
				CODE_SIGN_STYLE = Automatic;
				DEVELOPMENT_ASSET_PATHS = "\"SystemsAndImpact/Preview Content\"";
				ENABLE_PREVIEWS = YES;
				INFOPLIST_FILE = SystemsAndImpact/Resources/Info.plist;
				IPHONEOS_DEPLOYMENT_TARGET = 14.0;
				LD_RUNPATH_SEARCH_PATHS = (
					"$(inherited)",
					"@executable_path/Frameworks",
				);
				PRODUCT_BUNDLE_IDENTIFIER = CTEC.SystemsAndImpact;
				PRODUCT_NAME = "$(TARGET_NAME)";
				SWIFT_VERSION = 5.0;
				TARGETED_DEVICE_FAMILY = "1,2";
			};
			name = Debug;
		};
		DC18657326F281A500BE69CE /* Release */ = {
			isa = XCBuildConfiguration;
			buildSettings = {
				ASSETCATALOG_COMPILER_APPICON_NAME = AppIcon;
				ASSETCATALOG_COMPILER_GLOBAL_ACCENT_COLOR_NAME = AccentColor;
				CODE_SIGN_STYLE = Automatic;
				DEVELOPMENT_ASSET_PATHS = "\"SystemsAndImpact/Preview Content\"";
				ENABLE_PREVIEWS = YES;
				INFOPLIST_FILE = SystemsAndImpact/Resources/Info.plist;
				IPHONEOS_DEPLOYMENT_TARGET = 14.0;
				LD_RUNPATH_SEARCH_PATHS = (
					"$(inherited)",
					"@executable_path/Frameworks",
				);
				PRODUCT_BUNDLE_IDENTIFIER = CTEC.SystemsAndImpact;
				PRODUCT_NAME = "$(TARGET_NAME)";
				SWIFT_VERSION = 5.0;
				TARGETED_DEVICE_FAMILY = "1,2";
			};
			name = Release;
		};
/* End XCBuildConfiguration section */

/* Begin XCConfigurationList section */
		DC18655D26F281A400BE69CE /* Build configuration list for PBXProject "SystemsAndImpact" */ = {
			isa = XCConfigurationList;
			buildConfigurations = (
				DC18656F26F281A500BE69CE /* Debug */,
				DC18657026F281A500BE69CE /* Release */,
			);
			defaultConfigurationIsVisible = 0;
			defaultConfigurationName = Release;
		};
		DC18657126F281A500BE69CE /* Build configuration list for PBXNativeTarget "SystemsAndImpact" */ = {
			isa = XCConfigurationList;
			buildConfigurations = (
				DC18657226F281A500BE69CE /* Debug */,
				DC18657326F281A500BE69CE /* Release */,
			);
			defaultConfigurationIsVisible = 0;
			defaultConfigurationName = Release;
		};
/* End XCConfigurationList section */
	};
	rootObject = DC18655A26F281A400BE69CE /* Project object */;
}
